{
  "name": "hsk-tpl-admin",
  "version": "1.0.0",
  "lockfileVersion": 1,
  "requires": true,
  "dependencies": {
    "@hasaki-ui/hsk-nocturne": {
      "version": "1.0.6",
      "resolved": "https://registry.npmjs.org/@hasaki-ui/hsk-nocturne/-/hsk-nocturne-1.0.6.tgz",
      "integrity": "sha512-dffpJe6PcJ9YLv/d0fuvyQ7lEW82t8jrSIswMTfIpIOA5ONDBHWlHndc/h7qc6dTTL1f2Wl/g5PniCEFl5O71A=="
    }
  }
}
